github.com/go-kit/kit v0.9.0 h1:wDJmvq38kDhkVxi50ni9ykkdUr1PKgqKOoi01fa0Mdk=
github.com/go-kit/kit v0.9.0/go.mod h1:xBxKIO96dXMWWy0MnWVtmwkA9/13aqxPnvrjFYMA2as=
github.com/go-logfmt/logfmt v0.4.0 h1:MP4Eh7ZCb31lleYCFuwm0oe4/YGak+5l1vA2NOE80nA=
github.com/go-logfmt/logfmt v0.4.0/go.mod h1:3RMwSq7FuexP4Kalkev3ejPJsZTpXXBr9+V4qmtdjCk=
github.com/go-stack/stack v1.8.0 h1:5SgMzNM5HxrEjV0ww2lTmX6E2Izsfxas4+YHWRs3Lsk=
github.com/go-stack/stack v1.8.0/go.mod h1:v0f6uXyyMGvRgIKkXu+yp6POWl0qKG85gN/melR3HDY=
github.com/google/uuid v1.1.1 h1:Gkbcsh/GbpXz7lPftLA3P6TYMwjCLYm83jiFQZF/3gY=
github.com/google/uuid v1.1.1/go.mod h1:TIyPZe4MgqvfeYDBFedMoGGpEw/LqOeaOT+nhxU+yHo=
github.com/gorilla/mux v1.7.3 h1:gnP5JzjVOuiZD07fKKToCAOjS0yOpj/qPETTXCCS6hw=
github.com/gorilla/mux v1.7.3/go.mod h1:1lud6UwP+6orDFRuTfBEV8e9/aOM/c4fVVCaMa2zaAs=
github.com/kr/logfmt v0.0.0-20140226030751-b84e30acd515 h1:T+h1c/A9Gawja4Y9mFVWj2vyii2bbUNDw3kt9VxK2EY=
github.com/kr/logfmt v0.0.0-20140226030751-b84e30acd515/go.mod h1:+0opPa2QZZtGFBFZlji/RkVcI2GknAs/DXo4wKdlNEc=
gitlab.com/hyperd/titanic/implementation v0.0.0-20191015042853-30cf08dd25fc h1:oKyWMVFmoU0ujF0ZTykXIRb7pbtwVx48DFlHiobQIFU=
gitlab.com/hyperd/titanic/implementation v0.0.0-20191015042853-30cf08dd25fc/go.mod h1:RwFLixlBOWt9sR8WtIHb6irto8pcpEdhO0e7iceiAKQ=
gitlab.com/hyperd/titanic/inmemory v0.0.0-20191015042853-30cf08dd25fc h1:/dmfqL5CUJCJ66QrvqTZgOz3hFCBB4ToEHUOOujkg8U=
gitlab.com/hyperd/titanic/inmemory v0.0.0-20191015042853-30cf08dd25fc/go.mod h1:gYXF9Vtgc1udyDJo7lb7oePj7BACS2X4cxLti4IsHnw=
gitlab.com/hyperd/titanic/transport v0.0.0-20191015042853-30cf08dd25fc h1:kv5jA/nV9a7Wtp8pove0MkUyoJeS/3sC3r5Moo1CDFo=
gitlab.com/hyperd/titanic/transport v0.0.0-20191015042853-30cf08dd25fc/go.mod h1:PkDYFeCSfCAxzx2sIlLFKAaKqPE1WPhAX9WjewvDBKA=
gitlab.com/hyperd/titanic/transport/http v0.0.0-20191015042853-30cf08dd25fc h1:0dYzsZqYK63F+TADw8GNLcHtiL9/L90JQFZQBN13mRI=
gitlab.com/hyperd/titanic/transport/http v0.0.0-20191015042853-30cf08dd25fc/go.mod h1:2KyFIiPRmnqhGd3tLmafgjvuG5zn4AuWjO4tg8FCByo=
