github.com/go-kit/kit v0.9.0 h1:wDJmvq38kDhkVxi50ni9ykkdUr1PKgqKOoi01fa0Mdk=
github.com/go-kit/kit v0.9.0/go.mod h1:xBxKIO96dXMWWy0MnWVtmwkA9/13aqxPnvrjFYMA2as=
github.com/go-logfmt/logfmt v0.4.0 h1:MP4Eh7ZCb31lleYCFuwm0oe4/YGak+5l1vA2NOE80nA=
github.com/go-logfmt/logfmt v0.4.0/go.mod h1:3RMwSq7FuexP4Kalkev3ejPJsZTpXXBr9+V4qmtdjCk=
github.com/go-stack/stack v1.8.0 h1:5SgMzNM5HxrEjV0ww2lTmX6E2Izsfxas4+YHWRs3Lsk=
github.com/go-stack/stack v1.8.0/go.mod h1:v0f6uXyyMGvRgIKkXu+yp6POWl0qKG85gN/melR3HDY=
github.com/google/uuid v1.1.1 h1:Gkbcsh/GbpXz7lPftLA3P6TYMwjCLYm83jiFQZF/3gY=
github.com/google/uuid v1.1.1/go.mod h1:TIyPZe4MgqvfeYDBFedMoGGpEw/LqOeaOT+nhxU+yHo=
github.com/gorilla/mux v1.7.3 h1:gnP5JzjVOuiZD07fKKToCAOjS0yOpj/qPETTXCCS6hw=
github.com/gorilla/mux v1.7.3/go.mod h1:1lud6UwP+6orDFRuTfBEV8e9/aOM/c4fVVCaMa2zaAs=
github.com/kr/logfmt v0.0.0-20140226030751-b84e30acd515 h1:T+h1c/A9Gawja4Y9mFVWj2vyii2bbUNDw3kt9VxK2EY=
github.com/kr/logfmt v0.0.0-20140226030751-b84e30acd515/go.mod h1:+0opPa2QZZtGFBFZlji/RkVcI2GknAs/DXo4wKdlNEc=
gitlab.com/hyperd/cs v0.0.0-20191011224911-e3b406775709/go.mod h1:LPxp5lgjgvhasCwtv7GaSmLx8WuSWWKg/3prQNwKgrU=
gitlab.com/hyperd/titanic v0.0.0-20191012171357-0702d6636f13/go.mod h1:JZH+6DGTe1qe4NfSMGkENUvWsyOJe/jNK7JYY2upo9s=
gitlab.com/hyperd/titanic v0.0.0-20191012184220-53c1d84562a2/go.mod h1:pI5dVFptri6W1N8V+3IX3sl+gRKCoTYhxtFjEfu0x7U=
gitlab.com/hyperd/titanic v0.0.0-20191012225530-3963d6e58542/go.mod h1:xAjjw5WRanyQ2nXNhG4uAxUEwpuFgOqKPMT+MByTXXk=
gitlab.com/hyperd/titanic v1.0.0 h1:LVUEfYeCpUj5GDvtkdsF0oH5o3vDEn0R9KPuWfXb8Do=
gitlab.com/hyperd/titanic v1.0.0/go.mod h1:2Dn8pb6upMpC492mLgtp9nq4Raq9yR8u9DI6WfMUgwk=
gitlab.com/hyperd/titanic/inmemory v0.0.0-20191012194558-e7734eac9c08/go.mod h1:weOhsGjg/BnsJJuQDvQDe6KLgeIHW7YFYyugoYPKy2Q=
gitlab.com/hyperd/titanic/middleware v0.0.0-20191012184220-53c1d84562a2/go.mod h1:PfIL7167vdhzBNTZxBROqRxp2WyhAxDX04zRD41L2jw=
gitlab.com/hyperd/titanic/transport v0.0.0-20191012173600-0f4fa04c4a54/go.mod h1:p/JAjFmXtiRvNxxoVObRmNmqdenULkBNXKa1WlwZo4g=
gitlab.com/hyperd/titanic/transport v0.0.0-20191012233950-b95a00aac618 h1:f3x808hjvIDhPRV+mwupwSo6ZD0+twoiK9yxRDJlb2g=
gitlab.com/hyperd/titanic/transport v0.0.0-20191012233950-b95a00aac618/go.mod h1:EavoxZzzVW8KOwLdSuSodvAnkG9lbYO++BjGa2Xrwnw=
