github.com/go-kit/kit v0.9.0 h1:wDJmvq38kDhkVxi50ni9ykkdUr1PKgqKOoi01fa0Mdk=
github.com/go-kit/kit v0.9.0/go.mod h1:xBxKIO96dXMWWy0MnWVtmwkA9/13aqxPnvrjFYMA2as=
github.com/go-logfmt/logfmt v0.4.0 h1:MP4Eh7ZCb31lleYCFuwm0oe4/YGak+5l1vA2NOE80nA=
github.com/go-logfmt/logfmt v0.4.0/go.mod h1:3RMwSq7FuexP4Kalkev3ejPJsZTpXXBr9+V4qmtdjCk=
github.com/google/uuid v1.1.1 h1:Gkbcsh/GbpXz7lPftLA3P6TYMwjCLYm83jiFQZF/3gY=
github.com/google/uuid v1.1.1/go.mod h1:TIyPZe4MgqvfeYDBFedMoGGpEw/LqOeaOT+nhxU+yHo=
github.com/gorilla/mux v1.7.3 h1:gnP5JzjVOuiZD07fKKToCAOjS0yOpj/qPETTXCCS6hw=
github.com/gorilla/mux v1.7.3/go.mod h1:1lud6UwP+6orDFRuTfBEV8e9/aOM/c4fVVCaMa2zaAs=
github.com/kr/logfmt v0.0.0-20140226030751-b84e30acd515/go.mod h1:+0opPa2QZZtGFBFZlji/RkVcI2GknAs/DXo4wKdlNEc=
gitlab.com/hyperd/titanic v0.0.0-20191012171357-0702d6636f13 h1:3ZdQu7PmKyLNtQjqokw93Wea1xhU7e0D9yhEE7uPYT8=
gitlab.com/hyperd/titanic v0.0.0-20191012171357-0702d6636f13/go.mod h1:JZH+6DGTe1qe4NfSMGkENUvWsyOJe/jNK7JYY2upo9s=
gitlab.com/hyperd/titanic/transport v0.0.0-20191012173600-0f4fa04c4a54 h1:8YjvUva29RAnzCtMWfkqpxo/AEq1NBOMoFLs6x+kVMs=
gitlab.com/hyperd/titanic/transport v0.0.0-20191012173600-0f4fa04c4a54/go.mod h1:p/JAjFmXtiRvNxxoVObRmNmqdenULkBNXKa1WlwZo4g=
